
Microsoft Visual Studio Solution File, Format Version 12.00
Project("{FAE04EC0-301F-11D3-BF4B-00C04F79EFBC}") = "SongList.Web", "SongList.Web\SongList.Web.csproj", "{B643A7DF-AF5E-4EDF-9112-1D110D32C00A}"
EndProject
Project("{FAE04EC0-301F-11D3-BF4B-00C04F79EFBC}") = "HolyricsCompanion", "HolyricsCompanion\HolyricsCompanion.csproj", "{303CFBF5-9ECA-426B-B4B0-B5F393F8EE28}"
EndProject
Project("{FAE04EC0-301F-11D3-BF4B-00C04F79EFBC}") = "SongList.ServicePredict", "SongList.ServicePredict\SongList.ServicePredict.csproj", "{F41CF606-41F0-4EB2-8B01-F2B99BCC1591}"
EndProject
Project("{FAE04EC0-301F-11D3-BF4B-00C04F79EFBC}") = "SongList.Holyrics", "SongList.Holyrics\SongList.Holyrics.csproj", "{604B3B6B-1F3E-4261-8F8D-3B3FF95CFD18}"
EndProject
Project("{FAE04EC0-301F-11D3-BF4B-00C04F79EFBC}") = "SongList.Domain", "SongList.Domain\SongList.Domain.csproj", "{8BAA8293-7262-46BB-A31B-86FF2E0E935C}"
EndProject
Project("{2150E333-8FDC-42A3-9474-1A3956D46DE8}") = "tests", "tests", "{2BC34A9B-D309-4423-9FBC-CCB9B4AE13B9}"
EndProject
Project("{FAE04EC0-301F-11D3-BF4B-00C04F79EFBC}") = "SongList.UnitTests", "SongList.UnitTests\SongList.UnitTests.csproj", "{73E91594-64F5-4390-AF86-00C39F903DF5}"
EndProject
Global
	GlobalSection(SolutionConfigurationPlatforms) = preSolution
		Debug|Any CPU = Debug|Any CPU
		Release|Any CPU = Release|Any CPU
	EndGlobalSection
	GlobalSection(ProjectConfigurationPlatforms) = postSolution
		{B643A7DF-AF5E-4EDF-9112-1D110D32C00A}.Debug|Any CPU.ActiveCfg = Debug|Any CPU
		{B643A7DF-AF5E-4EDF-9112-1D110D32C00A}.Debug|Any CPU.Build.0 = Debug|Any CPU
		{B643A7DF-AF5E-4EDF-9112-1D110D32C00A}.Release|Any CPU.ActiveCfg = Release|Any CPU
		{B643A7DF-AF5E-4EDF-9112-1D110D32C00A}.Release|Any CPU.Build.0 = Release|Any CPU
		{303CFBF5-9ECA-426B-B4B0-B5F393F8EE28}.Debug|Any CPU.ActiveCfg = Debug|Any CPU
		{303CFBF5-9ECA-426B-B4B0-B5F393F8EE28}.Debug|Any CPU.Build.0 = Debug|Any CPU
		{303CFBF5-9ECA-426B-B4B0-B5F393F8EE28}.Release|Any CPU.ActiveCfg = Release|Any CPU
		{303CFBF5-9ECA-426B-B4B0-B5F393F8EE28}.Release|Any CPU.Build.0 = Release|Any CPU
		{F41CF606-41F0-4EB2-8B01-F2B99BCC1591}.Debug|Any CPU.ActiveCfg = Debug|Any CPU
		{F41CF606-41F0-4EB2-8B01-F2B99BCC1591}.Debug|Any CPU.Build.0 = Debug|Any CPU
		{F41CF606-41F0-4EB2-8B01-F2B99BCC1591}.Release|Any CPU.ActiveCfg = Release|Any CPU
		{F41CF606-41F0-4EB2-8B01-F2B99BCC1591}.Release|Any CPU.Build.0 = Release|Any CPU
		{604B3B6B-1F3E-4261-8F8D-3B3FF95CFD18}.Debug|Any CPU.ActiveCfg = Debug|Any CPU
		{604B3B6B-1F3E-4261-8F8D-3B3FF95CFD18}.Debug|Any CPU.Build.0 = Debug|Any CPU
		{604B3B6B-1F3E-4261-8F8D-3B3FF95CFD18}.Release|Any CPU.ActiveCfg = Release|Any CPU
		{604B3B6B-1F3E-4261-8F8D-3B3FF95CFD18}.Release|Any CPU.Build.0 = Release|Any CPU
		{8BAA8293-7262-46BB-A31B-86FF2E0E935C}.Debug|Any CPU.ActiveCfg = Debug|Any CPU
		{8BAA8293-7262-46BB-A31B-86FF2E0E935C}.Debug|Any CPU.Build.0 = Debug|Any CPU
		{8BAA8293-7262-46BB-A31B-86FF2E0E935C}.Release|Any CPU.ActiveCfg = Release|Any CPU
		{8BAA8293-7262-46BB-A31B-86FF2E0E935C}.Release|Any CPU.Build.0 = Release|Any CPU
		{73E91594-64F5-4390-AF86-00C39F903DF5}.Debug|Any CPU.ActiveCfg = Debug|Any CPU
		{73E91594-64F5-4390-AF86-00C39F903DF5}.Debug|Any CPU.Build.0 = Debug|Any CPU
		{73E91594-64F5-4390-AF86-00C39F903DF5}.Release|Any CPU.ActiveCfg = Release|Any CPU
		{73E91594-64F5-4390-AF86-00C39F903DF5}.Release|Any CPU.Build.0 = Release|Any CPU
	EndGlobalSection
	GlobalSection(NestedProjects) = preSolution
		{73E91594-64F5-4390-AF86-00C39F903DF5} = {2BC34A9B-D309-4423-9FBC-CCB9B4AE13B9}
	EndGlobalSection
EndGlobal
